{
  "name": "eternal",
  "lockfileVersion": 3,
  "requires": true,
  "packages": {
    "": {
      "dependencies": {
        "@totvs/po-theme": "^21.24.0"
      }
    },
    "node_modules/@totvs/po-theme": {
      "version": "21.24.0",
      "resolved": "https://registry.npmjs.org/@totvs/po-theme/-/po-theme-21.24.0.tgz",
      "integrity": "sha512-uC57gThDW7CCAW9Ix4tgk0uatMLfYnumQW5foUkPNQVJ/xOB83tWyZzO3tlSMcHbv3ahdMppUp79+FdDiPiT1Q==",
      "deprecated": "Deprecated. Support will be provided until v23.x.x. This package will no longer be maintained after that version. Open an issue in the GitHub repository https://github.com/totvs/po-theme-totvs.",
      "license": "MIT"
    }
  }
}
